
Microsoft Visual Studio Solution File, Format Version 12.00
# Visual Studio 2013
VisualStudioVersion = 12.0.31101.0
MinimumVisualStudioVersion = 10.0.40219.1
Project("{FAE04EC0-301F-11D3-BF4B-00C04F79EFBC}") = "ProMVC5", "ProMVC5\ProMVC5.csproj", "{2217899A-B2ED-45C6-8E48-6F7A414119D3}"
EndProject
Project("{FAE04EC0-301F-11D3-BF4B-00C04F79EFBC}") = "Razor", "..\Razor\Razor\Razor.csproj", "{745E79CA-A2CD-4338-AB72-BE1AD7EB918E}"
EndProject
Project("{FAE04EC0-301F-11D3-BF4B-00C04F79EFBC}") = "EssentialTools", "EssentialTools\EssentialTools.csproj", "{69751E20-4739-416F-A3F6-9D56ADFD81CA}"
EndProject
Project("{FAE04EC0-301F-11D3-BF4B-00C04F79EFBC}") = "EssentialTools.Tests", "EssentialTools.Tests\EssentialTools.Tests.csproj", "{901994AE-F65F-4A74-AEC9-7873BDA99726}"
EndProject
Global
	GlobalSection(SolutionConfigurationPlatforms) = preSolution
		Debug|Any CPU = Debug|Any CPU
		Release|Any CPU = Release|Any CPU
	EndGlobalSection
	GlobalSection(ProjectConfigurationPlatforms) = postSolution
		{2217899A-B2ED-45C6-8E48-6F7A414119D3}.Debug|Any CPU.ActiveCfg = Debug|Any CPU
		{2217899A-B2ED-45C6-8E48-6F7A414119D3}.Debug|Any CPU.Build.0 = Debug|Any CPU
		{2217899A-B2ED-45C6-8E48-6F7A414119D3}.Release|Any CPU.ActiveCfg = Release|Any CPU
		{2217899A-B2ED-45C6-8E48-6F7A414119D3}.Release|Any CPU.Build.0 = Release|Any CPU
		{745E79CA-A2CD-4338-AB72-BE1AD7EB918E}.Debug|Any CPU.ActiveCfg = Debug|Any CPU
		{745E79CA-A2CD-4338-AB72-BE1AD7EB918E}.Debug|Any CPU.Build.0 = Debug|Any CPU
		{745E79CA-A2CD-4338-AB72-BE1AD7EB918E}.Release|Any CPU.ActiveCfg = Release|Any CPU
		{745E79CA-A2CD-4338-AB72-BE1AD7EB918E}.Release|Any CPU.Build.0 = Release|Any CPU
		{69751E20-4739-416F-A3F6-9D56ADFD81CA}.Debug|Any CPU.ActiveCfg = Debug|Any CPU
		{69751E20-4739-416F-A3F6-9D56ADFD81CA}.Debug|Any CPU.Build.0 = Debug|Any CPU
		{69751E20-4739-416F-A3F6-9D56ADFD81CA}.Release|Any CPU.ActiveCfg = Release|Any CPU
		{69751E20-4739-416F-A3F6-9D56ADFD81CA}.Release|Any CPU.Build.0 = Release|Any CPU
		{901994AE-F65F-4A74-AEC9-7873BDA99726}.Debug|Any CPU.ActiveCfg = Debug|Any CPU
		{901994AE-F65F-4A74-AEC9-7873BDA99726}.Debug|Any CPU.Build.0 = Debug|Any CPU
		{901994AE-F65F-4A74-AEC9-7873BDA99726}.Release|Any CPU.ActiveCfg = Release|Any CPU
		{901994AE-F65F-4A74-AEC9-7873BDA99726}.Release|Any CPU.Build.0 = Release|Any CPU
	EndGlobalSection
	GlobalSection(SolutionProperties) = preSolution
		HideSolutionNode = FALSE
	EndGlobalSection
EndGlobal
